
Microsoft Visual Studio Solution File, Format Version 12.00
# Visual Studio Version 17
VisualStudioVersion = 17.6.33723.286
MinimumVisualStudioVersion = 10.0.40219.1
Project("{FAE04EC0-301F-11D3-BF4B-00C04F79EFBC}") = "DiplomWPFnetFramework", "DiplomWPFnetFramework\DiplomWPFnetFramework.csproj", "{64B1D1EE-CD22-4B76-8816-A43EC68D7994}"
EndProject
Global
	GlobalSection(SolutionConfigurationPlatforms) = preSolution
		Debug|Any CPU = Debug|Any CPU
		Release|Any CPU = Release|Any CPU
	EndGlobalSection
	GlobalSection(ProjectConfigurationPlatforms) = postSolution
		{64B1D1EE-CD22-4B76-8816-A43EC68D7994}.Debug|Any CPU.ActiveCfg = Debug|Any CPU
		{64B1D1EE-CD22-4B76-8816-A43EC68D7994}.Debug|Any CPU.Build.0 = Debug|Any CPU
		{64B1D1EE-CD22-4B76-8816-A43EC68D7994}.Release|Any CPU.ActiveCfg = Release|Any CPU
		{64B1D1EE-CD22-4B76-8816-A43EC68D7994}.Release|Any CPU.Build.0 = Release|Any CPU
	EndGlobalSection
	GlobalSection(SolutionProperties) = preSolution
		HideSolutionNode = FALSE
	EndGlobalSection
	GlobalSection(ExtensibilityGlobals) = postSolution
		SolutionGuid = {45B0CD1B-4EAC-43DE-AA5A-D860C94C85A2}
	EndGlobalSection
EndGlobal
